
Microsoft Visual Studio Solution File, Format Version 12.00
# Visual Studio Version 16
VisualStudioVersion = 16.0.31613.86
MinimumVisualStudioVersion = 10.0.40219.1
Project("{FAE04EC0-301F-11D3-BF4B-00C04F79EFBC}") = "LotteryPro", "LotteryPro\LotteryPro.csproj", "{03E9E3DC-37EE-46E1-AA5E-30676D985E98}"
EndProject
Global
	GlobalSection(SolutionConfigurationPlatforms) = preSolution
		Debug|Any CPU = Debug|Any CPU
		Release|Any CPU = Release|Any CPU
	EndGlobalSection
	GlobalSection(ProjectConfigurationPlatforms) = postSolution
		{03E9E3DC-37EE-46E1-AA5E-30676D985E98}.Debug|Any CPU.ActiveCfg = Debug|Any CPU
		{03E9E3DC-37EE-46E1-AA5E-30676D985E98}.Debug|Any CPU.Build.0 = Debug|Any CPU
		{03E9E3DC-37EE-46E1-AA5E-30676D985E98}.Release|Any CPU.ActiveCfg = Release|Any CPU
		{03E9E3DC-37EE-46E1-AA5E-30676D985E98}.Release|Any CPU.Build.0 = Release|Any CPU
	EndGlobalSection
	GlobalSection(SolutionProperties) = preSolution
		HideSolutionNode = FALSE
	EndGlobalSection
	GlobalSection(ExtensibilityGlobals) = postSolution
		SolutionGuid = {E6151FF2-8E53-49A7-B19B-FC9AC5902A1F}
	EndGlobalSection
EndGlobal
